
Microsoft Visual Studio Solution File, Format Version 12.00
# Visual Studio 15
VisualStudioVersion = 15.0.27924.0
MinimumVisualStudioVersion = 10.0.40219.1
Project("{9A19103F-16F7-4668-BE54-9A1E7A4F7556}") = "XPlat.Runner", "XPlat.Runner\XPlat.Runner.csproj", "{EDFC7C60-C050-4A49-BD12-89F6799DFFE0}"
EndProject
Project("{9A19103F-16F7-4668-BE54-9A1E7A4F7556}") = "XPlat.Runner.Tests.NUnit", "XPlat.Runner.Tests.NUnit\XPlat.Runner.Tests.NUnit.csproj", "{B14B232B-60A3-4448-8FFC-607638AC0C91}"
EndProject
Project("{2150E333-8FDC-42A3-9474-1A3956D46DE8}") = "Solution Items", "Solution Items", "{F4F7A24D-220E-4F75-BEF0-493D6B3E5B3E}"
	ProjectSection(SolutionItems) = preProject
		..\build.cake = ..\build.cake
	EndProjectSection
EndProject
Project("{FAE04EC0-301F-11D3-BF4B-00C04F79EFBC}") = "XPlat.Runner.NetFramework462", "XPlat.Runner.NetFramework462\XPlat.Runner.NetFramework462.csproj", "{E4CB6626-0542-4616-89A2-47DDCFD63EA8}"
EndProject
Project("{9A19103F-16F7-4668-BE54-9A1E7A4F7556}") = "XPlat.Web.MVCNet461", "XPlat.Web.MVCNet461\XPlat.Web.MVCNet461.csproj", "{505C503F-F734-491C-8309-6D47A7371083}"
EndProject
Project("{9A19103F-16F7-4668-BE54-9A1E7A4F7556}") = "XPlat.Web.WebApi2Net461", "XPlat.Web.WebApi2Net461\XPlat.Web.WebApi2Net461.csproj", "{81174AED-941C-4A27-B207-99C93091B409}"
EndProject
Project("{9A19103F-16F7-4668-BE54-9A1E7A4F7556}") = "XPlat.Runner.Tests.XUnit", "XPlat.Runner.Tests.XUnit\XPlat.Runner.Tests.XUnit.csproj", "{01C46BEF-A235-420E-8270-FB2C40DCCCF9}"
EndProject
Global
	GlobalSection(SolutionConfigurationPlatforms) = preSolution
		Debug|Any CPU = Debug|Any CPU
		Debug|x64 = Debug|x64
		Debug|x86 = Debug|x86
		Release|Any CPU = Release|Any CPU
		Release|x64 = Release|x64
		Release|x86 = Release|x86
	EndGlobalSection
	GlobalSection(ProjectConfigurationPlatforms) = postSolution
		{EDFC7C60-C050-4A49-BD12-89F6799DFFE0}.Debug|Any CPU.ActiveCfg = Debug|Any CPU
		{EDFC7C60-C050-4A49-BD12-89F6799DFFE0}.Debug|Any CPU.Build.0 = Debug|Any CPU
		{EDFC7C60-C050-4A49-BD12-89F6799DFFE0}.Debug|x64.ActiveCfg = Debug|Any CPU
		{EDFC7C60-C050-4A49-BD12-89F6799DFFE0}.Debug|x64.Build.0 = Debug|Any CPU
		{EDFC7C60-C050-4A49-BD12-89F6799DFFE0}.Debug|x86.ActiveCfg = Debug|Any CPU
		{EDFC7C60-C050-4A49-BD12-89F6799DFFE0}.Debug|x86.Build.0 = Debug|Any CPU
		{EDFC7C60-C050-4A49-BD12-89F6799DFFE0}.Release|Any CPU.ActiveCfg = Release|Any CPU
		{EDFC7C60-C050-4A49-BD12-89F6799DFFE0}.Release|Any CPU.Build.0 = Release|Any CPU
		{EDFC7C60-C050-4A49-BD12-89F6799DFFE0}.Release|x64.ActiveCfg = Release|Any CPU
		{EDFC7C60-C050-4A49-BD12-89F6799DFFE0}.Release|x64.Build.0 = Release|Any CPU
		{EDFC7C60-C050-4A49-BD12-89F6799DFFE0}.Release|x86.ActiveCfg = Release|Any CPU
		{EDFC7C60-C050-4A49-BD12-89F6799DFFE0}.Release|x86.Build.0 = Release|Any CPU
		{B14B232B-60A3-4448-8FFC-607638AC0C91}.Debug|Any CPU.ActiveCfg = Debug|Any CPU
		{B14B232B-60A3-4448-8FFC-607638AC0C91}.Debug|Any CPU.Build.0 = Debug|Any CPU
		{B14B232B-60A3-4448-8FFC-607638AC0C91}.Debug|x64.ActiveCfg = Debug|Any CPU
		{B14B232B-60A3-4448-8FFC-607638AC0C91}.Debug|x64.Build.0 = Debug|Any CPU
		{B14B232B-60A3-4448-8FFC-607638AC0C91}.Debug|x86.ActiveCfg = Debug|Any CPU
		{B14B232B-60A3-4448-8FFC-607638AC0C91}.Debug|x86.Build.0 = Debug|Any CPU
		{B14B232B-60A3-4448-8FFC-607638AC0C91}.Release|Any CPU.ActiveCfg = Release|Any CPU
		{B14B232B-60A3-4448-8FFC-607638AC0C91}.Release|Any CPU.Build.0 = Release|Any CPU
		{B14B232B-60A3-4448-8FFC-607638AC0C91}.Release|x64.ActiveCfg = Release|Any CPU
		{B14B232B-60A3-4448-8FFC-607638AC0C91}.Release|x64.Build.0 = Release|Any CPU
		{B14B232B-60A3-4448-8FFC-607638AC0C91}.Release|x86.ActiveCfg = Release|Any CPU
		{B14B232B-60A3-4448-8FFC-607638AC0C91}.Release|x86.Build.0 = Release|Any CPU
		{E4CB6626-0542-4616-89A2-47DDCFD63EA8}.Debug|Any CPU.ActiveCfg = Debug|Any CPU
		{E4CB6626-0542-4616-89A2-47DDCFD63EA8}.Debug|Any CPU.Build.0 = Debug|Any CPU
		{E4CB6626-0542-4616-89A2-47DDCFD63EA8}.Debug|x64.ActiveCfg = Debug|Any CPU
		{E4CB6626-0542-4616-89A2-47DDCFD63EA8}.Debug|x64.Build.0 = Debug|Any CPU
		{E4CB6626-0542-4616-89A2-47DDCFD63EA8}.Debug|x86.ActiveCfg = Debug|Any CPU
		{E4CB6626-0542-4616-89A2-47DDCFD63EA8}.Debug|x86.Build.0 = Debug|Any CPU
		{E4CB6626-0542-4616-89A2-47DDCFD63EA8}.Release|Any CPU.ActiveCfg = Release|Any CPU
		{E4CB6626-0542-4616-89A2-47DDCFD63EA8}.Release|Any CPU.Build.0 = Release|Any CPU
		{E4CB6626-0542-4616-89A2-47DDCFD63EA8}.Release|x64.ActiveCfg = Release|Any CPU
		{E4CB6626-0542-4616-89A2-47DDCFD63EA8}.Release|x64.Build.0 = Release|Any CPU
		{E4CB6626-0542-4616-89A2-47DDCFD63EA8}.Release|x86.ActiveCfg = Release|Any CPU
		{E4CB6626-0542-4616-89A2-47DDCFD63EA8}.Release|x86.Build.0 = Release|Any CPU
		{505C503F-F734-491C-8309-6D47A7371083}.Debug|Any CPU.ActiveCfg = Debug|Any CPU
		{505C503F-F734-491C-8309-6D47A7371083}.Debug|Any CPU.Build.0 = Debug|Any CPU
		{505C503F-F734-491C-8309-6D47A7371083}.Debug|x64.ActiveCfg = Debug|Any CPU
		{505C503F-F734-491C-8309-6D47A7371083}.Debug|x64.Build.0 = Debug|Any CPU
		{505C503F-F734-491C-8309-6D47A7371083}.Debug|x86.ActiveCfg = Debug|Any CPU
		{505C503F-F734-491C-8309-6D47A7371083}.Debug|x86.Build.0 = Debug|Any CPU
		{505C503F-F734-491C-8309-6D47A7371083}.Release|Any CPU.ActiveCfg = Release|Any CPU
		{505C503F-F734-491C-8309-6D47A7371083}.Release|Any CPU.Build.0 = Release|Any CPU
		{505C503F-F734-491C-8309-6D47A7371083}.Release|x64.ActiveCfg = Release|Any CPU
		{505C503F-F734-491C-8309-6D47A7371083}.Release|x64.Build.0 = Release|Any CPU
		{505C503F-F734-491C-8309-6D47A7371083}.Release|x86.ActiveCfg = Release|Any CPU
		{505C503F-F734-491C-8309-6D47A7371083}.Release|x86.Build.0 = Release|Any CPU
		{81174AED-941C-4A27-B207-99C93091B409}.Debug|Any CPU.ActiveCfg = Debug|Any CPU
		{81174AED-941C-4A27-B207-99C93091B409}.Debug|Any CPU.Build.0 = Debug|Any CPU
		{81174AED-941C-4A27-B207-99C93091B409}.Debug|x64.ActiveCfg = Debug|Any CPU
		{81174AED-941C-4A27-B207-99C93091B409}.Debug|x64.Build.0 = Debug|Any CPU
		{81174AED-941C-4A27-B207-99C93091B409}.Debug|x86.ActiveCfg = Debug|Any CPU
		{81174AED-941C-4A27-B207-99C93091B409}.Debug|x86.Build.0 = Debug|Any CPU
		{81174AED-941C-4A27-B207-99C93091B409}.Release|Any CPU.ActiveCfg = Release|Any CPU
		{81174AED-941C-4A27-B207-99C93091B409}.Release|Any CPU.Build.0 = Release|Any CPU
		{81174AED-941C-4A27-B207-99C93091B409}.Release|x64.ActiveCfg = Release|Any CPU
		{81174AED-941C-4A27-B207-99C93091B409}.Release|x64.Build.0 = Release|Any CPU
		{81174AED-941C-4A27-B207-99C93091B409}.Release|x86.ActiveCfg = Release|Any CPU
		{81174AED-941C-4A27-B207-99C93091B409}.Release|x86.Build.0 = Release|Any CPU
		{01C46BEF-A235-420E-8270-FB2C40DCCCF9}.Debug|Any CPU.ActiveCfg = Debug|Any CPU
		{01C46BEF-A235-420E-8270-FB2C40DCCCF9}.Debug|Any CPU.Build.0 = Debug|Any CPU
		{01C46BEF-A235-420E-8270-FB2C40DCCCF9}.Debug|x64.ActiveCfg = Debug|Any CPU
		{01C46BEF-A235-420E-8270-FB2C40DCCCF9}.Debug|x64.Build.0 = Debug|Any CPU
		{01C46BEF-A235-420E-8270-FB2C40DCCCF9}.Debug|x86.ActiveCfg = Debug|Any CPU
		{01C46BEF-A235-420E-8270-FB2C40DCCCF9}.Debug|x86.Build.0 = Debug|Any CPU
		{01C46BEF-A235-420E-8270-FB2C40DCCCF9}.Release|Any CPU.ActiveCfg = Release|Any CPU
		{01C46BEF-A235-420E-8270-FB2C40DCCCF9}.Release|Any CPU.Build.0 = Release|Any CPU
		{01C46BEF-A235-420E-8270-FB2C40DCCCF9}.Release|x64.ActiveCfg = Release|Any CPU
		{01C46BEF-A235-420E-8270-FB2C40DCCCF9}.Release|x64.Build.0 = Release|Any CPU
		{01C46BEF-A235-420E-8270-FB2C40DCCCF9}.Release|x86.ActiveCfg = Release|Any CPU
		{01C46BEF-A235-420E-8270-FB2C40DCCCF9}.Release|x86.Build.0 = Release|Any CPU
	EndGlobalSection
	GlobalSection(SolutionProperties) = preSolution
		HideSolutionNode = FALSE
	EndGlobalSection
	GlobalSection(ExtensibilityGlobals) = postSolution
		SolutionGuid = {CD616161-5E17-45F9-9E7A-FF80E86083CE}
	EndGlobalSection
EndGlobal
